
Microsoft Visual Studio Solution File, Format Version 12.00
# Visual Studio 15
VisualStudioVersion = 15.0.28307.136
MinimumVisualStudioVersion = 10.0.40219.1
Project("{FAE04EC0-301F-11D3-BF4B-00C04F79EFBC}") = "MyApp", "MyApp\MyApp.csproj", "{05AF1253-CC89-4E63-98AA-A888AA9F46B4}"
EndProject
Global
	GlobalSection(SolutionConfigurationPlatforms) = preSolution
		Debug|Any CPU = Debug|Any CPU
		Release|Any CPU = Release|Any CPU
	EndGlobalSection
	GlobalSection(ProjectConfigurationPlatforms) = postSolution
		{05AF1253-CC89-4E63-98AA-A888AA9F46B4}.Debug|Any CPU.ActiveCfg = Debug|Any CPU
		{05AF1253-CC89-4E63-98AA-A888AA9F46B4}.Debug|Any CPU.Build.0 = Debug|Any CPU
		{05AF1253-CC89-4E63-98AA-A888AA9F46B4}.Release|Any CPU.ActiveCfg = Release|Any CPU
		{05AF1253-CC89-4E63-98AA-A888AA9F46B4}.Release|Any CPU.Build.0 = Release|Any CPU
	EndGlobalSection
	GlobalSection(SolutionProperties) = preSolution
		HideSolutionNode = FALSE
	EndGlobalSection
	GlobalSection(ExtensibilityGlobals) = postSolution
		SolutionGuid = {9F9382D2-CB8A-4D33-9016-6C52A6C4FCE2}
	EndGlobalSection
EndGlobal
